
Microsoft Visual Studio Solution File, Format Version 12.00
# Visual Studio Version 16
VisualStudioVersion = 16.0.29609.76
MinimumVisualStudioVersion = 10.0.40219.1
Project("{FAE04EC0-301F-11D3-BF4B-00C04F79EFBC}") = "Snake", "Snake.csproj", "{37558AF4-1606-4A21-96A3-4D5C1C4E66A0}"
EndProject
Global
	GlobalSection(SolutionConfigurationPlatforms) = preSolution
		Debug|Any CPU = Debug|Any CPU
		Release|Any CPU = Release|Any CPU
	EndGlobalSection
	GlobalSection(ProjectConfigurationPlatforms) = postSolution
		{37558AF4-1606-4A21-96A3-4D5C1C4E66A0}.Debug|Any CPU.ActiveCfg = Debug|Any CPU
		{37558AF4-1606-4A21-96A3-4D5C1C4E66A0}.Debug|Any CPU.Build.0 = Debug|Any CPU
		{37558AF4-1606-4A21-96A3-4D5C1C4E66A0}.Release|Any CPU.ActiveCfg = Release|Any CPU
		{37558AF4-1606-4A21-96A3-4D5C1C4E66A0}.Release|Any CPU.Build.0 = Release|Any CPU
	EndGlobalSection
	GlobalSection(SolutionProperties) = preSolution
		HideSolutionNode = FALSE
	EndGlobalSection
	GlobalSection(ExtensibilityGlobals) = postSolution
		SolutionGuid = {1F35559B-C8DA-40BA-85D1-850B8F298425}
	EndGlobalSection
EndGlobal
